// !$*UTF8*$!
{
	archiveVersion = 1;
	classes = {
	};
	objectVersion = 48;
	objects = {

/* Begin PBXBuildFile section */
		169795A520E3AF9400B65A45 /* AppDelegate.swift in Sources */ = {isa = PBXBuildFile; fileRef = 169795A420E3AF9400B65A45 /* AppDelegate.swift */; };
		169795A720E3AF9400B65A45 /* ViewController.swift in Sources */ = {isa = PBXBuildFile; fileRef = 169795A620E3AF9400B65A45 /* ViewController.swift */; };
		169795AA20E3AF9400B65A45 /* Main.storyboard in Resources */ = {isa = PBXBuildFile; fileRef = 169795A820E3AF9400B65A45 /* Main.storyboard */; };
		169795AD20E3AF9400B65A45 /* Xiot_MQTT.xcdatamodeld in Sources */ = {isa = PBXBuildFile; fileRef = 169795AB20E3AF9400B65A45 /* Xiot_MQTT.xcdatamodeld */; };
		169795AF20E3AF9400B65A45 /* Assets.xcassets in Resources */ = {isa = PBXBuildFile; fileRef = 169795AE20E3AF9400B65A45 /* Assets.xcassets */; };
		169795B220E3AF9400B65A45 /* LaunchScreen.storyboard in Resources */ = {isa = PBXBuildFile; fileRef = 169795B020E3AF9400B65A45 /* LaunchScreen.storyboard */; };
/* End PBXBuildFile section */

/* Begin PBXFileReference section */
		169795A120E3AF9400B65A45 /* Xiot-MQTT.app */ = {isa = PBXFileReference; explicitFileType = wrapper.application; includeInIndex = 0; path = "Xiot-MQTT.app"; sourceTree = BUILT_PRODUCTS_DIR; };
		169795A420E3AF9400B65A45 /* AppDelegate.swift */ = {isa = PBXFileReference; lastKnownFileType = sourcecode.swift; path = AppDelegate.swift; sourceTree = "<group>"; };
		169795A620E3AF9400B65A45 /* ViewController.swift */ = {isa = PBXFileReference; lastKnownFileType = sourcecode.swift; path = ViewController.swift; sourceTree = "<group>"; };
		169795A920E3AF9400B65A45 /* Base */ = {isa = PBXFileReference; lastKnownFileType = file.storyboard; name = Base; path = Base.lproj/Main.storyboard; sourceTree = "<group>"; };
		169795AC20E3AF9400B65A45 /* Xiot_MQTT.xcdatamodel */ = {isa = PBXFileReference; lastKnownFileType = wrapper.xcdatamodel; path = Xiot_MQTT.xcdatamodel; sourceTree = "<group>"; };
		169795AE20E3AF9400B65A45 /* Assets.xcassets */ = {isa = PBXFileReference; lastKnownFileType = folder.assetcatalog; path = Assets.xcassets; sourceTree = "<group>"; };
		169795B120E3AF9400B65A45 /* Base */ = {isa = PBXFileReference; lastKnownFileType = file.storyboard; name = Base; path = Base.lproj/LaunchScreen.storyboard; sourceTree = "<group>"; };
		169795B320E3AF9400B65A45 /* Info.plist */ = {isa = PBXFileReference; lastKnownFileType = text.plist.xml; path = Info.plist; sourceTree = "<group>"; };
/* End PBXFileReference section */

/* Begin PBXFrameworksBuildPhase section */
		1697959E20E3AF9400B65A45 /* Frameworks */ = {
			isa = PBXFrameworksBuildPhase;
			buildActionMask = 2147483647;
			files = (
			);
			runOnlyForDeploymentPostprocessing = 0;
		};
/* End PBXFrameworksBuildPhase section */

/* Begin PBXGroup section */
		1697959820E3AF9200B65A45 = {
			isa = PBXGroup;
			children = (
				169795A320E3AF9400B65A45 /* Xiot-MQTT */,
				169795A220E3AF9400B65A45 /* Products */,
			);
			sourceTree = "<group>";
		};
		169795A220E3AF9400B65A45 /* Products */ = {
			isa = PBXGroup;
			children = (
				169795A120E3AF9400B65A45 /* Xiot-MQTT.app */,
			);
			name = Products;
			sourceTree = "<group>";
		};
		169795A320E3AF9400B65A45 /* Xiot-MQTT */ = {
			isa = PBXGroup;
			children = (
				169795A420E3AF9400B65A45 /* AppDelegate.swift */,
				169795A620E3AF9400B65A45 /* ViewController.swift */,
				169795A820E3AF9400B65A45 /* Main.storyboard */,
				169795AE20E3AF9400B65A45 /* Assets.xcassets */,
				169795B020E3AF9400B65A45 /* LaunchScreen.storyboard */,
				169795B320E3AF9400B65A45 /* Info.plist */,
				169795AB20E3AF9400B65A45 /* Xiot_MQTT.xcdatamodeld */,
			);
			path = "Xiot-MQTT";
			sourceTree = "<group>";
		};
/* End PBXGroup section */

/* Begin PBXNativeTarget section */
		169795A020E3AF9400B65A45 /* Xiot-MQTT */ = {
			isa = PBXNativeTarget;
			buildConfigurationList = 169795B620E3AF9400B65A45 /* Build configuration list for PBXNativeTarget "Xiot-MQTT" */;
			buildPhases = (
				1697959D20E3AF9400B65A45 /* Sources */,
				1697959E20E3AF9400B65A45 /* Frameworks */,
				1697959F20E3AF9400B65A45 /* Resources */,
			);
			buildRules = (
			);
			dependencies = (
			);
			name = "Xiot-MQTT";
			productName = "Xiot-MQTT";
			productReference = 169795A120E3AF9400B65A45 /* Xiot-MQTT.app */;
			productType = "com.apple.product-type.application";
		};
/* End PBXNativeTarget section */

/* Begin PBXProject section */
		1697959920E3AF9300B65A45 /* Project object */ = {
			isa = PBXProject;
			attributes = {
				LastSwiftUpdateCheck = 0910;
				LastUpgradeCheck = 0910;
				ORGANIZATIONNAME = sayedAbdo;
				TargetAttributes = {
					169795A020E3AF9400B65A45 = {
						CreatedOnToolsVersion = 9.1;
						ProvisioningStyle = Automatic;
					};
				};
			};
			buildConfigurationList = 1697959C20E3AF9300B65A45 /* Build configuration list for PBXProject "Xiot-MQTT" */;
			compatibilityVersion = "Xcode 8.0";
			developmentRegion = en;
			hasScannedForEncodings = 0;
			knownRegions = (
				en,
				Base,
			);
			mainGroup = 1697959820E3AF9200B65A45;
			productRefGroup = 169795A220E3AF9400B65A45 /* Products */;
			projectDirPath = "";
			projectRoot = "";
			targets = (
				169795A020E3AF9400B65A45 /* Xiot-MQTT */,
			);
		};
/* End PBXProject section */

/* Begin PBXResourcesBuildPhase section */
		1697959F20E3AF9400B65A45 /* Resources */ = {
			isa = PBXResourcesBuildPhase;
			buildActionMask = 2147483647;
			files = (
				169795B220E3AF9400B65A45 /* LaunchScreen.storyboard in Resources */,
				169795AF20E3AF9400B65A45 /* Assets.xcassets in Resources */,
				169795AA20E3AF9400B65A45 /* Main.storyboard in Resources */,
			);
			runOnlyForDeploymentPostprocessing = 0;
		};
/* End PBXResourcesBuildPhase section */

/* Begin PBXSourcesBuildPhase section */
		1697959D20E3AF9400B65A45 /* Sources */ = {
			isa = PBXSourcesBuildPhase;
			buildActionMask = 2147483647;
			files = (
				169795A720E3AF9400B65A45 /* ViewController.swift in Sources */,
				169795A520E3AF9400B65A45 /* AppDelegate.swift in Sources */,
				169795AD20E3AF9400B65A45 /* Xiot_MQTT.xcdatamodeld in Sources */,
			);
			runOnlyForDeploymentPostprocessing = 0;
		};
/* End PBXSourcesBuildPhase section */

/* Begin PBXVariantGroup section */
		169795A820E3AF9400B65A45 /* Main.storyboard */ = {
			isa = PBXVariantGroup;
			children = (
				169795A920E3AF9400B65A45 /* Base */,
			);
			name = Main.storyboard;
			sourceTree = "<group>";
		};
		169795B020E3AF9400B65A45 /* LaunchScreen.storyboard */ = {
			isa = PBXVariantGroup;
			children = (
				169795B120E3AF9400B65A45 /* Base */,
			);
			name = LaunchScreen.storyboard;
			sourceTree = "<group>";
		};
/* End PBXVariantGroup section */

/* Begin XCBuildConfiguration section */
		169795B420E3AF9400B65A45 /* Debug */ = {
			isa = XCBuildConfiguration;
			buildSettings = {
				ALWAYS_SEARCH_USER_PATHS = NO;
				CLANG_ANALYZER_NONNULL = YES;
				CLANG_ANALYZER_NUMBER_OBJECT_CONVERSION = YES_AGGRESSIVE;
				CLANG_CXX_LANGUAGE_STANDARD = "gnu++14";
				CLANG_CXX_LIBRARY = "libc++";
				CLANG_ENABLE_MODULES = YES;
				CLANG_ENABLE_OBJC_ARC = YES;
				CLANG_WARN_BLOCK_CAPTURE_AUTORELEASING = YES;
				CLANG_WARN_BOOL_CONVERSION = YES;
				CLANG_WARN_COMMA = YES;
				CLANG_WARN_CONSTANT_CONVERSION = YES;
				CLANG_WARN_DIRECT_OBJC_ISA_USAGE = YES_ERROR;
				CLANG_WARN_DOCUMENTATION_COMMENTS = YES;
				CLANG_WARN_EMPTY_BODY = YES;
				CLANG_WARN_ENUM_CONVERSION = YES;
				CLANG_WARN_INFINITE_RECURSION = YES;
				CLANG_WARN_INT_CONVERSION = YES;
				CLANG_WARN_NON_LITERAL_NULL_CONVERSION = YES;
				CLANG_WARN_OBJC_LITERAL_CONVERSION = YES;
				CLANG_WARN_OBJC_ROOT_CLASS = YES_ERROR;
				CLANG_WARN_RANGE_LOOP_ANALYSIS = YES;
				CLANG_WARN_STRICT_PROTOTYPES = YES;
				CLANG_WARN_SUSPICIOUS_MOVE = YES;
				CLANG_WARN_UNGUARDED_AVAILABILITY = YES_AGGRESSIVE;
				CLANG_WARN_UNREACHABLE_CODE = YES;
				CLANG_WARN__DUPLICATE_METHOD_MATCH = YES;
				CODE_SIGN_IDENTITY = "iPhone Developer";
				COPY_PHASE_STRIP = NO;
				DEBUG_INFORMATION_FORMAT = dwarf;
				ENABLE_STRICT_OBJC_MSGSEND = YES;
				ENABLE_TESTABILITY = YES;
				GCC_C_LANGUAGE_STANDARD = gnu11;
				GCC_DYNAMIC_NO_PIC = NO;
				GCC_NO_COMMON_BLOCKS = YES;
				GCC_OPTIMIZATION_LEVEL = 0;
				GCC_PREPROCESSOR_DEFINITIONS = (
					"DEBUG=1",
					"$(inherited)",
				);
				GCC_WARN_64_TO_32_BIT_CONVERSION = YES;
				GCC_WARN_ABOUT_RETURN_TYPE = YES_ERROR;
				GCC_WARN_UNDECLARED_SELECTOR = YES;
				GCC_WARN_UNINITIALIZED_AUTOS = YES_AGGRESSIVE;
				GCC_WARN_UNUSED_FUNCTION = YES;
				GCC_WARN_UNUSED_VARIABLE = YES;
				IPHONEOS_DEPLOYMENT_TARGET = 11.1;
				MTL_ENABLE_DEBUG_INFO = YES;
				ONLY_ACTIVE_ARCH = YES;
				SDKROOT = iphoneos;
				SWIFT_ACTIVE_COMPILATION_CONDITIONS = DEBUG;
				SWIFT_OPTIMIZATION_LEVEL = "-Onone";
			};
			name = Debug;
		};
		169795B520E3AF9400B65A45 /* Release */ = {
			isa = XCBuildConfiguration;
			buildSettings = {
				ALWAYS_SEARCH_USER_PATHS = NO;
				CLANG_ANALYZER_NONNULL = YES;
				CLANG_ANALYZER_NUMBER_OBJECT_CONVERSION = YES_AGGRESSIVE;
				CLANG_CXX_LANGUAGE_STANDARD = "gnu++14";
				CLANG_CXX_LIBRARY = "libc++";
				CLANG_ENABLE_MODULES = YES;
				CLANG_ENABLE_OBJC_ARC = YES;
				CLANG_WARN_BLOCK_CAPTURE_AUTORELEASING = YES;
				CLANG_WARN_BOOL_CONVERSION = YES;
				CLANG_WARN_COMMA = YES;
				CLANG_WARN_CONSTANT_CONVERSION = YES;
				CLANG_WARN_DIRECT_OBJC_ISA_USAGE = YES_ERROR;
				CLANG_WARN_DOCUMENTATION_COMMENTS = YES;
				CLANG_WARN_EMPTY_BODY = YES;
				CLANG_WARN_ENUM_CONVERSION = YES;
				CLANG_WARN_INFINITE_RECURSION = YES;
				CLANG_WARN_INT_CONVERSION = YES;
				CLANG_WARN_NON_LITERAL_NULL_CONVERSION = YES;
				CLANG_WARN_OBJC_LITERAL_CONVERSION = YES;
				CLANG_WARN_OBJC_ROOT_CLASS = YES_ERROR;
				CLANG_WARN_RANGE_LOOP_ANALYSIS = YES;
				CLANG_WARN_STRICT_PROTOTYPES = YES;
				CLANG_WARN_SUSPICIOUS_MOVE = YES;
				CLANG_WARN_UNGUARDED_AVAILABILITY = YES_AGGRESSIVE;
				CLANG_WARN_UNREACHABLE_CODE = YES;
				CLANG_WARN__DUPLICATE_METHOD_MATCH = YES;
				CODE_SIGN_IDENTITY = "iPhone Developer";
				COPY_PHASE_STRIP = NO;
				DEBUG_INFORMATION_FORMAT = "dwarf-with-dsym";
				ENABLE_NS_ASSERTIONS = NO;
				ENABLE_STRICT_OBJC_MSGSEND = YES;
				GCC_C_LANGUAGE_STANDARD = gnu11;
				GCC_NO_COMMON_BLOCKS = YES;
				GCC_WARN_64_TO_32_BIT_CONVERSION = YES;
				GCC_WARN_ABOUT_RETURN_TYPE = YES_ERROR;
				GCC_WARN_UNDECLARED_SELECTOR = YES;
				GCC_WARN_UNINITIALIZED_AUTOS = YES_AGGRESSIVE;
				GCC_WARN_UNUSED_FUNCTION = YES;
				GCC_WARN_UNUSED_VARIABLE = YES;
				IPHONEOS_DEPLOYMENT_TARGET = 11.1;
				MTL_ENABLE_DEBUG_INFO = NO;
				SDKROOT = iphoneos;
				SWIFT_OPTIMIZATION_LEVEL = "-Owholemodule";
				VALIDATE_PRODUCT = YES;
			};
			name = Release;
		};
		169795B720E3AF9400B65A45 /* Debug */ = {
			isa = XCBuildConfiguration;
			buildSettings = {
				ASSETCATALOG_COMPILER_APPICON_NAME = AppIcon;
				CODE_SIGN_STYLE = Automatic;
				INFOPLIST_FILE = "Xiot-MQTT/Info.plist";
				LD_RUNPATH_SEARCH_PATHS = "$(inherited) @executable_path/Frameworks";
				PRODUCT_BUNDLE_IDENTIFIER = "Sayed.abdo.Xiot-MQTT";
				PRODUCT_NAME = "$(TARGET_NAME)";
				SWIFT_VERSION = 4.0;
				TARGETED_DEVICE_FAMILY = "1,2";
			};
			name = Debug;
		};
		169795B820E3AF9400B65A45 /* Release */ = {
			isa = XCBuildConfiguration;
			buildSettings = {
				ASSETCATALOG_COMPILER_APPICON_NAME = AppIcon;
				CODE_SIGN_STYLE = Automatic;
				INFOPLIST_FILE = "Xiot-MQTT/Info.plist";
				LD_RUNPATH_SEARCH_PATHS = "$(inherited) @executable_path/Frameworks";
				PRODUCT_BUNDLE_IDENTIFIER = "Sayed.abdo.Xiot-MQTT";
				PRODUCT_NAME = "$(TARGET_NAME)";
				SWIFT_VERSION = 4.0;
				TARGETED_DEVICE_FAMILY = "1,2";
			};
			name = Release;
		};
/* End XCBuildConfiguration section */

/* Begin XCConfigurationList section */
		1697959C20E3AF9300B65A45 /* Build configuration list for PBXProject "Xiot-MQTT" */ = {
			isa = XCConfigurationList;
			buildConfigurations = (
				169795B420E3AF9400B65A45 /* Debug */,
				169795B520E3AF9400B65A45 /* Release */,
			);
			defaultConfigurationIsVisible = 0;
			defaultConfigurationName = Release;
		};
		169795B620E3AF9400B65A45 /* Build configuration list for PBXNativeTarget "Xiot-MQTT" */ = {
			isa = XCConfigurationList;
			buildConfigurations = (
				169795B720E3AF9400B65A45 /* Debug */,
				169795B820E3AF9400B65A45 /* Release */,
			);
			defaultConfigurationIsVisible = 0;
			defaultConfigurationName = Release;
		};
/* End XCConfigurationList section */

/* Begin XCVersionGroup section */
		169795AB20E3AF9400B65A45 /* Xiot_MQTT.xcdatamodeld */ = {
			isa = XCVersionGroup;
			children = (
				169795AC20E3AF9400B65A45 /* Xiot_MQTT.xcdatamodel */,
			);
			currentVersion = 169795AC20E3AF9400B65A45 /* Xiot_MQTT.xcdatamodel */;
			path = Xiot_MQTT.xcdatamodeld;
			sourceTree = "<group>";
			versionGroupType = wrapper.xcdatamodel;
		};
/* End XCVersionGroup section */
	};
	rootObject = 1697959920E3AF9300B65A45 /* Project object */;
}
